
Microsoft Visual Studio Solution File, Format Version 12.00
# Visual Studio Version 17
VisualStudioVersion = 17.2.32526.322
MinimumVisualStudioVersion = 10.0.40219.1
Project("{FAE04EC0-301F-11D3-BF4B-00C04F79EFBC}") = "SquareCounter", "SquareCounter\SquareCounter.csproj", "{572FC018-E2D5-43F5-B26A-3F0035BC2B0E}"
EndProject
Project("{FAE04EC0-301F-11D3-BF4B-00C04F79EFBC}") = "SquareCounterTests", "SquareCounterTests\SquareCounterTests.csproj", "{92CB32A1-E509-4B4E-A9E2-79344B73BD29}"
EndProject
Project("{FAE04EC0-301F-11D3-BF4B-00C04F79EFBC}") = "SquareCounterUse", "SquareCounterUse\SquareCounterUse.csproj", "{66436D6E-65B0-42F7-9F56-91CA18104C83}"
EndProject
Global
	GlobalSection(SolutionConfigurationPlatforms) = preSolution
		Debug|Any CPU = Debug|Any CPU
		Release|Any CPU = Release|Any CPU
	EndGlobalSection
	GlobalSection(ProjectConfigurationPlatforms) = postSolution
		{572FC018-E2D5-43F5-B26A-3F0035BC2B0E}.Debug|Any CPU.ActiveCfg = Debug|Any CPU
		{572FC018-E2D5-43F5-B26A-3F0035BC2B0E}.Debug|Any CPU.Build.0 = Debug|Any CPU
		{572FC018-E2D5-43F5-B26A-3F0035BC2B0E}.Release|Any CPU.ActiveCfg = Release|Any CPU
		{572FC018-E2D5-43F5-B26A-3F0035BC2B0E}.Release|Any CPU.Build.0 = Release|Any CPU
		{92CB32A1-E509-4B4E-A9E2-79344B73BD29}.Debug|Any CPU.ActiveCfg = Debug|Any CPU
		{92CB32A1-E509-4B4E-A9E2-79344B73BD29}.Debug|Any CPU.Build.0 = Debug|Any CPU
		{92CB32A1-E509-4B4E-A9E2-79344B73BD29}.Release|Any CPU.ActiveCfg = Release|Any CPU
		{92CB32A1-E509-4B4E-A9E2-79344B73BD29}.Release|Any CPU.Build.0 = Release|Any CPU
		{66436D6E-65B0-42F7-9F56-91CA18104C83}.Debug|Any CPU.ActiveCfg = Debug|Any CPU
		{66436D6E-65B0-42F7-9F56-91CA18104C83}.Debug|Any CPU.Build.0 = Debug|Any CPU
		{66436D6E-65B0-42F7-9F56-91CA18104C83}.Release|Any CPU.ActiveCfg = Release|Any CPU
		{66436D6E-65B0-42F7-9F56-91CA18104C83}.Release|Any CPU.Build.0 = Release|Any CPU
	EndGlobalSection
	GlobalSection(SolutionProperties) = preSolution
		HideSolutionNode = FALSE
	EndGlobalSection
	GlobalSection(ExtensibilityGlobals) = postSolution
		SolutionGuid = {5EAB52DF-3A9D-46FB-A9CC-CD8CC63B6681}
	EndGlobalSection
EndGlobal
